// !$*UTF8*$!
{
	archiveVersion = 1;
	classes = {
	};
	objectVersion = 46;
	objects = {

/* Begin PBXBuildFile section */
		04C095B41BD1F3D7004F6767 /* main.m in Sources */ = {isa = PBXBuildFile; fileRef = 04C095B31BD1F3D7004F6767 /* main.m */; };
		04C095B71BD1F3D7004F6767 /* AppDelegate.m in Sources */ = {isa = PBXBuildFile; fileRef = 04C095B61BD1F3D7004F6767 /* AppDelegate.m */; };
		04C095BA1BD1F3D7004F6767 /* ViewController.m in Sources */ = {isa = PBXBuildFile; fileRef = 04C095B91BD1F3D7004F6767 /* ViewController.m */; };
		04C095BD1BD1F3D7004F6767 /* Main.storyboard in Resources */ = {isa = PBXBuildFile; fileRef = 04C095BB1BD1F3D7004F6767 /* Main.storyboard */; };
		04C095BF1BD1F3D7004F6767 /* Images.xcassets in Resources */ = {isa = PBXBuildFile; fileRef = 04C095BE1BD1F3D7004F6767 /* Images.xcassets */; };
		04C095C21BD1F3D7004F6767 /* LaunchScreen.xib in Resources */ = {isa = PBXBuildFile; fileRef = 04C095C01BD1F3D7004F6767 /* LaunchScreen.xib */; };
		04C095CE1BD1F3D7004F6767 /* demoTests.m in Sources */ = {isa = PBXBuildFile; fileRef = 04C095CD1BD1F3D7004F6767 /* demoTests.m */; };
/* End PBXBuildFile section */

/* Begin PBXContainerItemProxy section */
		04C095C81BD1F3D7004F6767 /* PBXContainerItemProxy */ = {
			isa = PBXContainerItemProxy;
			containerPortal = 04C095A61BD1F3D7004F6767 /* Project object */;
			proxyType = 1;
			remoteGlobalIDString = 04C095AD1BD1F3D7004F6767;
			remoteInfo = demo;
		};
/* End PBXContainerItemProxy section */

/* Begin PBXFileReference section */
		04C095AE1BD1F3D7004F6767 /* demo.app */ = {isa = PBXFileReference; explicitFileType = wrapper.application; includeInIndex = 0; path = demo.app; sourceTree = BUILT_PRODUCTS_DIR; };
		04C095B21BD1F3D7004F6767 /* Info.plist */ = {isa = PBXFileReference; lastKnownFileType = text.plist.xml; path = Info.plist; sourceTree = "<group>"; };
		04C095B31BD1F3D7004F6767 /* main.m */ = {isa = PBXFileReference; lastKnownFileType = sourcecode.c.objc; path = main.m; sourceTree = "<group>"; };
		04C095B51BD1F3D7004F6767 /* AppDelegate.h */ = {isa = PBXFileReference; lastKnownFileType = sourcecode.c.h; path = AppDelegate.h; sourceTree = "<group>"; };
		04C095B61BD1F3D7004F6767 /* AppDelegate.m */ = {isa = PBXFileReference; lastKnownFileType = sourcecode.c.objc; path = AppDelegate.m; sourceTree = "<group>"; };
		04C095B81BD1F3D7004F6767 /* ViewController.h */ = {isa = PBXFileReference; lastKnownFileType = sourcecode.c.h; path = ViewController.h; sourceTree = "<group>"; };
		04C095B91BD1F3D7004F6767 /* ViewController.m */ = {isa = PBXFileReference; lastKnownFileType = sourcecode.c.objc; path = ViewController.m; sourceTree = "<group>"; };
		04C095BC1BD1F3D7004F6767 /* Base */ = {isa = PBXFileReference; lastKnownFileType = file.storyboard; name = Base; path = Base.lproj/Main.storyboard; sourceTree = "<group>"; };
		04C095BE1BD1F3D7004F6767 /* Images.xcassets */ = {isa = PBXFileReference; lastKnownFileType = folder.assetcatalog; path = Images.xcassets; sourceTree = "<group>"; };
		04C095C11BD1F3D7004F6767 /* Base */ = {isa = PBXFileReference; lastKnownFileType = file.xib; name = Base; path = Base.lproj/LaunchScreen.xib; sourceTree = "<group>"; };
		04C095C71BD1F3D7004F6767 /* demoTests.xctest */ = {isa = PBXFileReference; explicitFileType = wrapper.cfbundle; includeInIndex = 0; path = demoTests.xctest; sourceTree = BUILT_PRODUCTS_DIR; };
		04C095CC1BD1F3D7004F6767 /* Info.plist */ = {isa = PBXFileReference; lastKnownFileType = text.plist.xml; path = Info.plist; sourceTree = "<group>"; };
		04C095CD1BD1F3D7004F6767 /* demoTests.m */ = {isa = PBXFileReference; lastKnownFileType = sourcecode.c.objc; path = demoTests.m; sourceTree = "<group>"; };
/* End PBXFileReference section */

/* Begin PBXFrameworksBuildPhase section */
		04C095AB1BD1F3D7004F6767 /* Frameworks */ = {
			isa = PBXFrameworksBuildPhase;
			buildActionMask = 2147483647;
			files = (
			);
			runOnlyForDeploymentPostprocessing = 0;
		};
		04C095C41BD1F3D7004F6767 /* Frameworks */ = {
			isa = PBXFrameworksBuildPhase;
			buildActionMask = 2147483647;
			files = (
			);
			runOnlyForDeploymentPostprocessing = 0;
		};
/* End PBXFrameworksBuildPhase section */

/* Begin PBXGroup section */
		04C095A51BD1F3D7004F6767 = {
			isa = PBXGroup;
			children = (
				04C095B01BD1F3D7004F6767 /* demo */,
				04C095CA1BD1F3D7004F6767 /* demoTests */,
				04C095AF1BD1F3D7004F6767 /* Products */,
			);
			sourceTree = "<group>";
		};
		04C095AF1BD1F3D7004F6767 /* Products */ = {
			isa = PBXGroup;
			children = (
				04C095AE1BD1F3D7004F6767 /* demo.app */,
				04C095C71BD1F3D7004F6767 /* demoTests.xctest */,
			);
			name = Products;
			sourceTree = "<group>";
		};
		04C095B01BD1F3D7004F6767 /* demo */ = {
			isa = PBXGroup;
			children = (
				04C095B51BD1F3D7004F6767 /* AppDelegate.h */,
				04C095B61BD1F3D7004F6767 /* AppDelegate.m */,
				04C095B81BD1F3D7004F6767 /* ViewController.h */,
				04C095B91BD1F3D7004F6767 /* ViewController.m */,
				04C095BB1BD1F3D7004F6767 /* Main.storyboard */,
				04C095BE1BD1F3D7004F6767 /* Images.xcassets */,
				04C095C01BD1F3D7004F6767 /* LaunchScreen.xib */,
				04C095B11BD1F3D7004F6767 /* Supporting Files */,
			);
			path = demo;
			sourceTree = "<group>";
		};
		04C095B11BD1F3D7004F6767 /* Supporting Files */ = {
			isa = PBXGroup;
			children = (
				04C095B21BD1F3D7004F6767 /* Info.plist */,
				04C095B31BD1F3D7004F6767 /* main.m */,
			);
			name = "Supporting Files";
			sourceTree = "<group>";
		};
		04C095CA1BD1F3D7004F6767 /* demoTests */ = {
			isa = PBXGroup;
			children = (
				04C095CD1BD1F3D7004F6767 /* demoTests.m */,
				04C095CB1BD1F3D7004F6767 /* Supporting Files */,
			);
			path = demoTests;
			sourceTree = "<group>";
		};
		04C095CB1BD1F3D7004F6767 /* Supporting Files */ = {
			isa = PBXGroup;
			children = (
				04C095CC1BD1F3D7004F6767 /* Info.plist */,
			);
			name = "Supporting Files";
			sourceTree = "<group>";
		};
/* End PBXGroup section */

/* Begin PBXNativeTarget section */
		04C095AD1BD1F3D7004F6767 /* demo */ = {
			isa = PBXNativeTarget;
			buildConfigurationList = 04C095D11BD1F3D7004F6767 /* Build configuration list for PBXNativeTarget "demo" */;
			buildPhases = (
				04C095AA1BD1F3D7004F6767 /* Sources */,
				04C095AB1BD1F3D7004F6767 /* Frameworks */,
				04C095AC1BD1F3D7004F6767 /* Resources */,
			);
			buildRules = (
			);
			dependencies = (
			);
			name = demo;
			productName = demo;
			productReference = 04C095AE1BD1F3D7004F6767 /* demo.app */;
			productType = "com.apple.product-type.application";
		};
		04C095C61BD1F3D7004F6767 /* demoTests */ = {
			isa = PBXNativeTarget;
			buildConfigurationList = 04C095D41BD1F3D7004F6767 /* Build configuration list for PBXNativeTarget "demoTests" */;
			buildPhases = (
				04C095C31BD1F3D7004F6767 /* Sources */,
				04C095C41BD1F3D7004F6767 /* Frameworks */,
				04C095C51BD1F3D7004F6767 /* Resources */,
			);
			buildRules = (
			);
			dependencies = (
				04C095C91BD1F3D7004F6767 /* PBXTargetDependency */,
			);
			name = demoTests;
			productName = demoTests;
			productReference = 04C095C71BD1F3D7004F6767 /* demoTests.xctest */;
			productType = "com.apple.product-type.bundle.unit-test";
		};
/* End PBXNativeTarget section */

/* Begin PBXProject section */
		04C095A61BD1F3D7004F6767 /* Project object */ = {
			isa = PBXProject;
			attributes = {
				LastUpgradeCheck = 0640;
				ORGANIZATIONNAME = "秦万里";
				TargetAttributes = {
					04C095AD1BD1F3D7004F6767 = {
						CreatedOnToolsVersion = 6.4;
					};
					04C095C61BD1F3D7004F6767 = {
						CreatedOnToolsVersion = 6.4;
						TestTargetID = 04C095AD1BD1F3D7004F6767;
					};
				};
			};
			buildConfigurationList = 04C095A91BD1F3D7004F6767 /* Build configuration list for PBXProject "demo" */;
			compatibilityVersion = "Xcode 3.2";
			developmentRegion = English;
			hasScannedForEncodings = 0;
			knownRegions = (
				en,
				Base,
			);
			mainGroup = 04C095A51BD1F3D7004F6767;
			productRefGroup = 04C095AF1BD1F3D7004F6767 /* Products */;
			projectDirPath = "";
			projectRoot = "";
			targets = (
				04C095AD1BD1F3D7004F6767 /* demo */,
				04C095C61BD1F3D7004F6767 /* demoTests */,
			);
		};
/* End PBXProject section */

/* Begin PBXResourcesBuildPhase section */
		04C095AC1BD1F3D7004F6767 /* Resources */ = {
			isa = PBXResourcesBuildPhase;
			buildActionMask = 2147483647;
			files = (
				04C095BD1BD1F3D7004F6767 /* Main.storyboard in Resources */,
				04C095C21BD1F3D7004F6767 /* LaunchScreen.xib in Resources */,
				04C095BF1BD1F3D7004F6767 /* Images.xcassets in Resources */,
			);
			runOnlyForDeploymentPostprocessing = 0;
		};
		04C095C51BD1F3D7004F6767 /* Resources */ = {
			isa = PBXResourcesBuildPhase;
			buildActionMask = 2147483647;
			files = (
			);
			runOnlyForDeploymentPostprocessing = 0;
		};
/* End PBXResourcesBuildPhase section */

/* Begin PBXSourcesBuildPhase section */
		04C095AA1BD1F3D7004F6767 /* Sources */ = {
			isa = PBXSourcesBuildPhase;
			buildActionMask = 2147483647;
			files = (
				04C095BA1BD1F3D7004F6767 /* ViewController.m in Sources */,
				04C095B71BD1F3D7004F6767 /* AppDelegate.m in Sources */,
				04C095B41BD1F3D7004F6767 /* main.m in Sources */,
			);
			runOnlyForDeploymentPostprocessing = 0;
		};
		04C095C31BD1F3D7004F6767 /* Sources */ = {
			isa = PBXSourcesBuildPhase;
			buildActionMask = 2147483647;
			files = (
				04C095CE1BD1F3D7004F6767 /* demoTests.m in Sources */,
			);
			runOnlyForDeploymentPostprocessing = 0;
		};
/* End PBXSourcesBuildPhase section */

/* Begin PBXTargetDependency section */
		04C095C91BD1F3D7004F6767 /* PBXTargetDependency */ = {
			isa = PBXTargetDependency;
			target = 04C095AD1BD1F3D7004F6767 /* demo */;
			targetProxy = 04C095C81BD1F3D7004F6767 /* PBXContainerItemProxy */;
		};
/* End PBXTargetDependency section */

/* Begin PBXVariantGroup section */
		04C095BB1BD1F3D7004F6767 /* Main.storyboard */ = {
			isa = PBXVariantGroup;
			children = (
				04C095BC1BD1F3D7004F6767 /* Base */,
			);
			name = Main.storyboard;
			sourceTree = "<group>";
		};
		04C095C01BD1F3D7004F6767 /* LaunchScreen.xib */ = {
			isa = PBXVariantGroup;
			children = (
				04C095C11BD1F3D7004F6767 /* Base */,
			);
			name = LaunchScreen.xib;
			sourceTree = "<group>";
		};
/* End PBXVariantGroup section */

/* Begin XCBuildConfiguration section */
		04C095CF1BD1F3D7004F6767 /* Debug */ = {
			isa = XCBuildConfiguration;
			buildSettings = {
				ALWAYS_SEARCH_USER_PATHS = NO;
				CLANG_CXX_LANGUAGE_STANDARD = "gnu++0x";
				CLANG_CXX_LIBRARY = "libc++";
				CLANG_ENABLE_MODULES = YES;
				CLANG_ENABLE_OBJC_ARC = YES;
				CLANG_WARN_BOOL_CONVERSION = YES;
				CLANG_WARN_CONSTANT_CONVERSION = YES;
				CLANG_WARN_DIRECT_OBJC_ISA_USAGE = YES_ERROR;
				CLANG_WARN_EMPTY_BODY = YES;
				CLANG_WARN_ENUM_CONVERSION = YES;
				CLANG_WARN_INT_CONVERSION = YES;
				CLANG_WARN_OBJC_ROOT_CLASS = YES_ERROR;
				CLANG_WARN_UNREACHABLE_CODE = YES;
				CLANG_WARN__DUPLICATE_METHOD_MATCH = YES;
				"CODE_SIGN_IDENTITY[sdk=iphoneos*]" = "iPhone Developer";
				COPY_PHASE_STRIP = NO;
				DEBUG_INFORMATION_FORMAT = "dwarf-with-dsym";
				ENABLE_STRICT_OBJC_MSGSEND = YES;
				GCC_C_LANGUAGE_STANDARD = gnu99;
				GCC_DYNAMIC_NO_PIC = NO;
				GCC_NO_COMMON_BLOCKS = YES;
				GCC_OPTIMIZATION_LEVEL = 0;
				GCC_PREPROCESSOR_DEFINITIONS = (
					"DEBUG=1",
					"$(inherited)",
				);
				GCC_SYMBOLS_PRIVATE_EXTERN = NO;
				GCC_WARN_64_TO_32_BIT_CONVERSION = YES;
				GCC_WARN_ABOUT_RETURN_TYPE = YES_ERROR;
				GCC_WARN_UNDECLARED_SELECTOR = YES;
				GCC_WARN_UNINITIALIZED_AUTOS = YES_AGGRESSIVE;
				GCC_WARN_UNUSED_FUNCTION = YES;
				GCC_WARN_UNUSED_VARIABLE = YES;
				IPHONEOS_DEPLOYMENT_TARGET = 8.4;
				MTL_ENABLE_DEBUG_INFO = YES;
				ONLY_ACTIVE_ARCH = YES;
				SDKROOT = iphoneos;
			};
			name = Debug;
		};
		04C095D01BD1F3D7004F6767 /* Release */ = {
			isa = XCBuildConfiguration;
			buildSettings = {
				ALWAYS_SEARCH_USER_PATHS = NO;
				CLANG_CXX_LANGUAGE_STANDARD = "gnu++0x";
				CLANG_CXX_LIBRARY = "libc++";
				CLANG_ENABLE_MODULES = YES;
				CLANG_ENABLE_OBJC_ARC = YES;
				CLANG_WARN_BOOL_CONVERSION = YES;
				CLANG_WARN_CONSTANT_CONVERSION = YES;
				CLANG_WARN_DIRECT_OBJC_ISA_USAGE = YES_ERROR;
				CLANG_WARN_EMPTY_BODY = YES;
				CLANG_WARN_ENUM_CONVERSION = YES;
				CLANG_WARN_INT_CONVERSION = YES;
				CLANG_WARN_OBJC_ROOT_CLASS = YES_ERROR;
				CLANG_WARN_UNREACHABLE_CODE = YES;
				CLANG_WARN__DUPLICATE_METHOD_MATCH = YES;
				"CODE_SIGN_IDENTITY[sdk=iphoneos*]" = "iPhone Developer";
				COPY_PHASE_STRIP = NO;
				DEBUG_INFORMATION_FORMAT = "dwarf-with-dsym";
				ENABLE_NS_ASSERTIONS = NO;
				ENABLE_STRICT_OBJC_MSGSEND = YES;
				GCC_C_LANGUAGE_STANDARD = gnu99;
				GCC_NO_COMMON_BLOCKS = YES;
				GCC_WARN_64_TO_32_BIT_CONVERSION = YES;
				GCC_WARN_ABOUT_RETURN_TYPE = YES_ERROR;
				GCC_WARN_UNDECLARED_SELECTOR = YES;
				GCC_WARN_UNINITIALIZED_AUTOS = YES_AGGRESSIVE;
				GCC_WARN_UNUSED_FUNCTION = YES;
				GCC_WARN_UNUSED_VARIABLE = YES;
				IPHONEOS_DEPLOYMENT_TARGET = 8.4;
				MTL_ENABLE_DEBUG_INFO = NO;
				SDKROOT = iphoneos;
				VALIDATE_PRODUCT = YES;
			};
			name = Release;
		};
		04C095D21BD1F3D7004F6767 /* Debug */ = {
			isa = XCBuildConfiguration;
			buildSettings = {
				ASSETCATALOG_COMPILER_APPICON_NAME = AppIcon;
				INFOPLIST_FILE = demo/Info.plist;
				LD_RUNPATH_SEARCH_PATHS = "$(inherited) @executable_path/Frameworks";
				PRODUCT_NAME = "$(TARGET_NAME)";
			};
			name = Debug;
		};
		04C095D31BD1F3D7004F6767 /* Release */ = {
			isa = XCBuildConfiguration;
			buildSettings = {
				ASSETCATALOG_COMPILER_APPICON_NAME = AppIcon;
				INFOPLIST_FILE = demo/Info.plist;
				LD_RUNPATH_SEARCH_PATHS = "$(inherited) @executable_path/Frameworks";
				PRODUCT_NAME = "$(TARGET_NAME)";
			};
			name = Release;
		};
		04C095D51BD1F3D7004F6767 /* Debug */ = {
			isa = XCBuildConfiguration;
			buildSettings = {
				BUNDLE_LOADER = "$(TEST_HOST)";
				FRAMEWORK_SEARCH_PATHS = (
					"$(SDKROOT)/Developer/Library/Frameworks",
					"$(inherited)",
				);
				GCC_PREPROCESSOR_DEFINITIONS = (
					"DEBUG=1",
					"$(inherited)",
				);
				INFOPLIST_FILE = demoTests/Info.plist;
				LD_RUNPATH_SEARCH_PATHS = "$(inherited) @executable_path/Frameworks @loader_path/Frameworks";
				PRODUCT_NAME = "$(TARGET_NAME)";
				TEST_HOST = "$(BUILT_PRODUCTS_DIR)/demo.app/demo";
			};
			name = Debug;
		};
		04C095D61BD1F3D7004F6767 /* Release */ = {
			isa = XCBuildConfiguration;
			buildSettings = {
				BUNDLE_LOADER = "$(TEST_HOST)";
				FRAMEWORK_SEARCH_PATHS = (
					"$(SDKROOT)/Developer/Library/Frameworks",
					"$(inherited)",
				);
				INFOPLIST_FILE = demoTests/Info.plist;
				LD_RUNPATH_SEARCH_PATHS = "$(inherited) @executable_path/Frameworks @loader_path/Frameworks";
				PRODUCT_NAME = "$(TARGET_NAME)";
				TEST_HOST = "$(BUILT_PRODUCTS_DIR)/demo.app/demo";
			};
			name = Release;
		};
/* End XCBuildConfiguration section */

/* Begin XCConfigurationList section */
		04C095A91BD1F3D7004F6767 /* Build configuration list for PBXProject "demo" */ = {
			isa = XCConfigurationList;
			buildConfigurations = (
				04C095CF1BD1F3D7004F6767 /* Debug */,
				04C095D01BD1F3D7004F6767 /* Release */,
			);
			defaultConfigurationIsVisible = 0;
			defaultConfigurationName = Release;
		};
		04C095D11BD1F3D7004F6767 /* Build configuration list for PBXNativeTarget "demo" */ = {
			isa = XCConfigurationList;
			buildConfigurations = (
				04C095D21BD1F3D7004F6767 /* Debug */,
				04C095D31BD1F3D7004F6767 /* Release */,
			);
			defaultConfigurationIsVisible = 0;
		};
		04C095D41BD1F3D7004F6767 /* Build configuration list for PBXNativeTarget "demoTests" */ = {
			isa = XCConfigurationList;
			buildConfigurations = (
				04C095D51BD1F3D7004F6767 /* Debug */,
				04C095D61BD1F3D7004F6767 /* Release */,
			);
			defaultConfigurationIsVisible = 0;
		};
/* End XCConfigurationList section */
	};
	rootObject = 04C095A61BD1F3D7004F6767 /* Project object */;
}
